{
  "name": "practise-",
  "version": "1.0.0",
  "lockfileVersion": 1,
  "requires": true,
  "dependencies": {
    "cypress-xpath": {
      "version": "1.6.0",
      "resolved": "https://registry.npmjs.org/cypress-xpath/-/cypress-xpath-1.6.0.tgz",
      "integrity": "sha512-JEe6jJo3fhi+PRwoVazLXo0n1VwWXkBCUicgJoFYHzMMX/gfb2lMn1at32cISX8/wXHaGz8aQxIP5YPiwgIMZw==",
      "dev": true
    }
  }
}
